
Microsoft Visual Studio Solution File, Format Version 12.00
# Visual Studio Version 16
VisualStudioVersion = 16.0.29613.14
MinimumVisualStudioVersion = 10.0.40219.1
Project("{FAE04EC0-301F-11D3-BF4B-00C04F79EFBC}") = "A1GillGurpartap", "A1GillGurpartap\A1GillGurpartap.csproj", "{37173F01-E0F0-476D-BBBA-0DB3BE944803}"
EndProject
Global
	GlobalSection(SolutionConfigurationPlatforms) = preSolution
		Debug|Any CPU = Debug|Any CPU
		Release|Any CPU = Release|Any CPU
	EndGlobalSection
	GlobalSection(ProjectConfigurationPlatforms) = postSolution
		{37173F01-E0F0-476D-BBBA-0DB3BE944803}.Debug|Any CPU.ActiveCfg = Debug|Any CPU
		{37173F01-E0F0-476D-BBBA-0DB3BE944803}.Debug|Any CPU.Build.0 = Debug|Any CPU
		{37173F01-E0F0-476D-BBBA-0DB3BE944803}.Release|Any CPU.ActiveCfg = Release|Any CPU
		{37173F01-E0F0-476D-BBBA-0DB3BE944803}.Release|Any CPU.Build.0 = Release|Any CPU
	EndGlobalSection
	GlobalSection(SolutionProperties) = preSolution
		HideSolutionNode = FALSE
	EndGlobalSection
	GlobalSection(ExtensibilityGlobals) = postSolution
		SolutionGuid = {3009AD88-0F38-4AD3-8D02-FCC9342B5479}
	EndGlobalSection
EndGlobal
